# This file is automatically @generated by Cargo.
# It is not intended for manual editing.
version = 4

[[package]]
name = "notagent"
version = "0.1.0"
dependencies = [
 "notagent-agent",
 "notagent-ai",
 "notagent-client",
 "notagent-protocol",
 "notagent-tui",
]

[[package]]
name = "notagent-agent"
version = "0.1.0"
dependencies = [
 "notagent-ai",
 "notagent-telemetry",
]

[[package]]
name = "notagent-ai"
version = "0.1.0"
dependencies = [
 "notagent-telemetry",
]

[[package]]
name = "notagent-client"
version = "0.1.0"
dependencies = [
 "notagent-protocol",
]

[[package]]
name = "notagent-protocol"
version = "0.1.0"

[[package]]
name = "notagent-server"
version = "0.1.0"
dependencies = [
 "notagent-ai",
 "notagent-protocol",
]

[[package]]
name = "notagent-session-sqlite"
version = "0.1.0"
dependencies = [
 "notagent-agent",
 "notagent-ai",
]

[[package]]
name = "notagent-telemetry"
version = "0.1.0"

[[package]]
name = "notagent-tui"
version = "0.1.0"
